
Microsoft Visual Studio Solution File, Format Version 12.00
# Visual Studio 2013
VisualStudioVersion = 12.0.31101.0
MinimumVisualStudioVersion = 10.0.40219.1
Project("{FAE04EC0-301F-11D3-BF4B-00C04F79EFBC}") = "GCC.BL", "GCC.BL\GCC.BL.csproj", "{BA768E4A-B681-4A6E-BFF7-28004130CD48}"
EndProject
Project("{FAE04EC0-301F-11D3-BF4B-00C04F79EFBC}") = "GCC.Web", "GCC.Web\GCC.Web.csproj", "{5350720D-B5BE-475C-8C59-9C05CB53DE16}"
EndProject
Project("{2150E333-8FDC-42A3-9474-1A3956D46DE8}") = "Tests", "Tests", "{91D41EA1-55F5-48AA-BDDF-D7946706F6E8}"
EndProject
Project("{FAE04EC0-301F-11D3-BF4B-00C04F79EFBC}") = "GCC.Tests", "GCC.Tests\GCC.Tests.csproj", "{DBF36437-BA7B-41DD-90CD-CD99B9E373EB}"
EndProject
Global
	GlobalSection(SolutionConfigurationPlatforms) = preSolution
		Debug|Any CPU = Debug|Any CPU
		Release|Any CPU = Release|Any CPU
	EndGlobalSection
	GlobalSection(ProjectConfigurationPlatforms) = postSolution
		{BA768E4A-B681-4A6E-BFF7-28004130CD48}.Debug|Any CPU.ActiveCfg = Debug|Any CPU
		{BA768E4A-B681-4A6E-BFF7-28004130CD48}.Debug|Any CPU.Build.0 = Debug|Any CPU
		{BA768E4A-B681-4A6E-BFF7-28004130CD48}.Release|Any CPU.ActiveCfg = Release|Any CPU
		{BA768E4A-B681-4A6E-BFF7-28004130CD48}.Release|Any CPU.Build.0 = Release|Any CPU
		{5350720D-B5BE-475C-8C59-9C05CB53DE16}.Debug|Any CPU.ActiveCfg = Debug|Any CPU
		{5350720D-B5BE-475C-8C59-9C05CB53DE16}.Debug|Any CPU.Build.0 = Debug|Any CPU
		{5350720D-B5BE-475C-8C59-9C05CB53DE16}.Release|Any CPU.ActiveCfg = Release|Any CPU
		{5350720D-B5BE-475C-8C59-9C05CB53DE16}.Release|Any CPU.Build.0 = Release|Any CPU
		{DBF36437-BA7B-41DD-90CD-CD99B9E373EB}.Debug|Any CPU.ActiveCfg = Debug|Any CPU
		{DBF36437-BA7B-41DD-90CD-CD99B9E373EB}.Debug|Any CPU.Build.0 = Debug|Any CPU
		{DBF36437-BA7B-41DD-90CD-CD99B9E373EB}.Release|Any CPU.ActiveCfg = Release|Any CPU
		{DBF36437-BA7B-41DD-90CD-CD99B9E373EB}.Release|Any CPU.Build.0 = Release|Any CPU
	EndGlobalSection
	GlobalSection(SolutionProperties) = preSolution
		HideSolutionNode = FALSE
	EndGlobalSection
	GlobalSection(NestedProjects) = preSolution
		{DBF36437-BA7B-41DD-90CD-CD99B9E373EB} = {91D41EA1-55F5-48AA-BDDF-D7946706F6E8}
	EndGlobalSection
EndGlobal
